
Microsoft Visual Studio Solution File, Format Version 12.00
# Visual Studio Version 16
VisualStudioVersion = 16.0.808.2
MinimumVisualStudioVersion = 10.0.40219.1
Project("{FAE04EC0-301F-11D3-BF4B-00C04F79EFBC}") = "NumberGuesser", "NumberGuesser.csproj", "{BD8875DD-0661-4F21-B932-D26C4ACC8D92}"
EndProject
Global
	GlobalSection(SolutionConfigurationPlatforms) = preSolution
		Debug|Any CPU = Debug|Any CPU
		Release|Any CPU = Release|Any CPU
	EndGlobalSection
	GlobalSection(ProjectConfigurationPlatforms) = postSolution
		{BD8875DD-0661-4F21-B932-D26C4ACC8D92}.Debug|Any CPU.ActiveCfg = Debug|Any CPU
		{BD8875DD-0661-4F21-B932-D26C4ACC8D92}.Debug|Any CPU.Build.0 = Debug|Any CPU
		{BD8875DD-0661-4F21-B932-D26C4ACC8D92}.Release|Any CPU.ActiveCfg = Release|Any CPU
		{BD8875DD-0661-4F21-B932-D26C4ACC8D92}.Release|Any CPU.Build.0 = Release|Any CPU
	EndGlobalSection
	GlobalSection(SolutionProperties) = preSolution
		HideSolutionNode = FALSE
	EndGlobalSection
	GlobalSection(ExtensibilityGlobals) = postSolution
		SolutionGuid = {BF7F1110-971B-4991-98AD-E609880D7FDB}
	EndGlobalSection
EndGlobal
